
Microsoft Visual Studio Solution File, Format Version 12.00
Project("{FAE04EC0-301F-11D3-BF4B-00C04F79EFBC}") = "GetBMICmdlet", "GetBMICmdlet\GetBMICmdlet.csproj", "{6808E9CF-306A-4B56-824A-7833590E19CC}"
EndProject
Global
	GlobalSection(SolutionConfigurationPlatforms) = preSolution
		Debug|Any CPU = Debug|Any CPU
		Release|Any CPU = Release|Any CPU
	EndGlobalSection
	GlobalSection(ProjectConfigurationPlatforms) = postSolution
		{6808E9CF-306A-4B56-824A-7833590E19CC}.Debug|Any CPU.ActiveCfg = Debug|Any CPU
		{6808E9CF-306A-4B56-824A-7833590E19CC}.Debug|Any CPU.Build.0 = Debug|Any CPU
		{6808E9CF-306A-4B56-824A-7833590E19CC}.Release|Any CPU.ActiveCfg = Release|Any CPU
		{6808E9CF-306A-4B56-824A-7833590E19CC}.Release|Any CPU.Build.0 = Release|Any CPU
	EndGlobalSection
EndGlobal
